// !$*UTF8*$!
{
	archiveVersion = 1;
	classes = {
	};
	objectVersion = 50;
	objects = {

/* Begin PBXBuildFile section */
		ED3EB27121F0CCA8002B9F4D /* Default.swift in Sources */ = {isa = PBXBuildFile; fileRef = ED3EB27021F0CCA8002B9F4D /* Default.swift */; };
		ED7B747E21C337AB00127E3E /* MarketPriceStream.swift in Sources */ = {isa = PBXBuildFile; fileRef = ED7B747D21C337AB00127E3E /* MarketPriceStream.swift */; };
		ED94F8E021B3CB700011F912 /* README.md in Resources */ = {isa = PBXBuildFile; fileRef = ED94F8DF21B3CB5C0011F912 /* README.md */; };
		EDE0D59E21F6916000B9170B /* Foundation.framework in Frameworks */ = {isa = PBXBuildFile; fileRef = EDFE8F6721AE17600097A075 /* Foundation.framework */; };
		EDFE8F4921AE134B0097A075 /* OandaAPITests.swift in Sources */ = {isa = PBXBuildFile; fileRef = EDFE8F4821AE134B0097A075 /* OandaAPITests.swift */; };
		EDFE8F9721AE281F0097A075 /* OandaAPI.h in Headers */ = {isa = PBXBuildFile; fileRef = EDFE8F7421AE1EDE0097A075 /* OandaAPI.h */; settings = {ATTRIBUTES = (Public, ); }; };
		EDFE8F9C21AE283E0097A075 /* Account.swift in Sources */ = {isa = PBXBuildFile; fileRef = EDFE8F5521AE13790097A075 /* Account.swift */; };
		EDFE8F9D21AE283E0097A075 /* OandaAPI.swift in Sources */ = {isa = PBXBuildFile; fileRef = EDFE8F5421AE13790097A075 /* OandaAPI.swift */; };
		EDFE8F9E21AE283E0097A075 /* Trade.swift in Sources */ = {isa = PBXBuildFile; fileRef = EDFE8F5721AE13790097A075 /* Trade.swift */; };
		EDFE8F9F21AE283E0097A075 /* BrokerController.swift in Sources */ = {isa = PBXBuildFile; fileRef = EDFE8F5621AE13790097A075 /* BrokerController.swift */; };
		EDFE8FA821AE29090097A075 /* OandaAPI.framework in Frameworks */ = {isa = PBXBuildFile; fileRef = EDFE8F8F21AE27D00097A075 /* OandaAPI.framework */; };
		EDFE8FB221AE2D2A0097A075 /* Instrument.swift in Sources */ = {isa = PBXBuildFile; fileRef = EDFE8FB121AE2D2A0097A075 /* Instrument.swift */; };
		EDFE8FB621AE2DF10097A075 /* Pricing.swift in Sources */ = {isa = PBXBuildFile; fileRef = EDFE8FB521AE2DF10097A075 /* Pricing.swift */; };
		EDFE8FB921AE30630097A075 /* Primitives.swift in Sources */ = {isa = PBXBuildFile; fileRef = EDFE8FB821AE30630097A075 /* Primitives.swift */; };
		EDFE8FBE21AF06FF0097A075 /* Transaction.swift in Sources */ = {isa = PBXBuildFile; fileRef = EDFE8FBD21AF06FF0097A075 /* Transaction.swift */; };
		EDFE8FC121AF0FD30097A075 /* Order.swift in Sources */ = {isa = PBXBuildFile; fileRef = EDFE8FC021AF0FD30097A075 /* Order.swift */; };
		EDFE8FCA21AF1CF20097A075 /* DefinitionsTests.swift in Sources */ = {isa = PBXBuildFile; fileRef = EDFE8FC921AF1CF20097A075 /* DefinitionsTests.swift */; };
		EDFE8FCC21AF1CF20097A075 /* OandaAPI.framework in Frameworks */ = {isa = PBXBuildFile; fileRef = EDFE8F8F21AE27D00097A075 /* OandaAPI.framework */; };
		EDFE8FD321AF1D340097A075 /* AccountTests.swift in Sources */ = {isa = PBXBuildFile; fileRef = EDFE8FD221AF1D340097A075 /* AccountTests.swift */; };
		EDFE8FD721AF4C220097A075 /* Position.swift in Sources */ = {isa = PBXBuildFile; fileRef = EDFE8FD621AF4C220097A075 /* Position.swift */; };
/* End PBXBuildFile section */

/* Begin PBXContainerItemProxy section */
		EDFE8FA521AE28FA0097A075 /* PBXContainerItemProxy */ = {
			isa = PBXContainerItemProxy;
			containerPortal = EDFE8F3121AE134B0097A075 /* Project object */;
			proxyType = 1;
			remoteGlobalIDString = EDFE8F8E21AE27D00097A075;
			remoteInfo = OandaAPI_macOS;
		};
		EDFE8FCD21AF1CF20097A075 /* PBXContainerItemProxy */ = {
			isa = PBXContainerItemProxy;
			containerPortal = EDFE8F3121AE134B0097A075 /* Project object */;
			proxyType = 1;
			remoteGlobalIDString = EDFE8F8E21AE27D00097A075;
			remoteInfo = OandaAPI;
		};
/* End PBXContainerItemProxy section */

/* Begin PBXFileReference section */
		ED3EB27021F0CCA8002B9F4D /* Default.swift */ = {isa = PBXFileReference; lastKnownFileType = sourcecode.swift; path = Default.swift; sourceTree = "<group>"; };
		ED7B747D21C337AB00127E3E /* MarketPriceStream.swift */ = {isa = PBXFileReference; lastKnownFileType = sourcecode.swift; path = MarketPriceStream.swift; sourceTree = "<group>"; };
		ED94F8DF21B3CB5C0011F912 /* README.md */ = {isa = PBXFileReference; lastKnownFileType = net.daringfireball.markdown; path = README.md; sourceTree = "<group>"; };
		ED94F8E221B3CC8E0011F912 /* CODE_OF_CONDUCT.md */ = {isa = PBXFileReference; lastKnownFileType = net.daringfireball.markdown; path = CODE_OF_CONDUCT.md; sourceTree = "<group>"; };
		EDDBDFDE21B9E1060066E185 /* Foundation.framework */ = {isa = PBXFileReference; lastKnownFileType = wrapper.framework; name = Foundation.framework; path = Platforms/WatchOS.platform/Developer/SDKs/WatchOS5.1.sdk/System/Library/Frameworks/Foundation.framework; sourceTree = DEVELOPER_DIR; };
		EDFE8F3E21AE134B0097A075 /* Info.plist */ = {isa = PBXFileReference; lastKnownFileType = text.plist.xml; path = Info.plist; sourceTree = "<group>"; };
		EDFE8F4321AE134B0097A075 /* OandaAPITests.xctest */ = {isa = PBXFileReference; explicitFileType = wrapper.cfbundle; includeInIndex = 0; path = OandaAPITests.xctest; sourceTree = BUILT_PRODUCTS_DIR; };
		EDFE8F4821AE134B0097A075 /* OandaAPITests.swift */ = {isa = PBXFileReference; lastKnownFileType = sourcecode.swift; path = OandaAPITests.swift; sourceTree = "<group>"; };
		EDFE8F4A21AE134B0097A075 /* Info.plist */ = {isa = PBXFileReference; lastKnownFileType = text.plist.xml; path = Info.plist; sourceTree = "<group>"; };
		EDFE8F5421AE13790097A075 /* OandaAPI.swift */ = {isa = PBXFileReference; fileEncoding = 4; lastKnownFileType = sourcecode.swift; path = OandaAPI.swift; sourceTree = "<group>"; };
		EDFE8F5521AE13790097A075 /* Account.swift */ = {isa = PBXFileReference; fileEncoding = 4; lastKnownFileType = sourcecode.swift; path = Account.swift; sourceTree = "<group>"; };
		EDFE8F5621AE13790097A075 /* BrokerController.swift */ = {isa = PBXFileReference; fileEncoding = 4; lastKnownFileType = sourcecode.swift; path = BrokerController.swift; sourceTree = "<group>"; };
		EDFE8F5721AE13790097A075 /* Trade.swift */ = {isa = PBXFileReference; fileEncoding = 4; lastKnownFileType = sourcecode.swift; path = Trade.swift; sourceTree = "<group>"; };
		EDFE8F6721AE17600097A075 /* Foundation.framework */ = {isa = PBXFileReference; lastKnownFileType = wrapper.framework; name = Foundation.framework; path = System/Library/Frameworks/Foundation.framework; sourceTree = SDKROOT; };
		EDFE8F7421AE1EDE0097A075 /* OandaAPI.h */ = {isa = PBXFileReference; fileEncoding = 4; lastKnownFileType = sourcecode.c.h; path = OandaAPI.h; sourceTree = "<group>"; };
		EDFE8F8F21AE27D00097A075 /* OandaAPI.framework */ = {isa = PBXFileReference; explicitFileType = wrapper.framework; includeInIndex = 0; path = OandaAPI.framework; sourceTree = BUILT_PRODUCTS_DIR; };
		EDFE8FA121AE28590097A075 /* Foundation.framework */ = {isa = PBXFileReference; lastKnownFileType = wrapper.framework; name = Foundation.framework; path = Platforms/iPhoneOS.platform/Developer/SDKs/iPhoneOS12.1.sdk/System/Library/Frameworks/Foundation.framework; sourceTree = DEVELOPER_DIR; };
		EDFE8FB121AE2D2A0097A075 /* Instrument.swift */ = {isa = PBXFileReference; lastKnownFileType = sourcecode.swift; path = Instrument.swift; sourceTree = "<group>"; };
		EDFE8FB521AE2DF10097A075 /* Pricing.swift */ = {isa = PBXFileReference; lastKnownFileType = sourcecode.swift; path = Pricing.swift; sourceTree = "<group>"; };
		EDFE8FB821AE30630097A075 /* Primitives.swift */ = {isa = PBXFileReference; lastKnownFileType = sourcecode.swift; path = Primitives.swift; sourceTree = "<group>"; };
		EDFE8FBD21AF06FF0097A075 /* Transaction.swift */ = {isa = PBXFileReference; lastKnownFileType = sourcecode.swift; path = Transaction.swift; sourceTree = "<group>"; };
		EDFE8FC021AF0FD30097A075 /* Order.swift */ = {isa = PBXFileReference; lastKnownFileType = sourcecode.swift; path = Order.swift; sourceTree = "<group>"; };
		EDFE8FC721AF1CF20097A075 /* DefinitionsTests.xctest */ = {isa = PBXFileReference; explicitFileType = wrapper.cfbundle; includeInIndex = 0; path = DefinitionsTests.xctest; sourceTree = BUILT_PRODUCTS_DIR; };
		EDFE8FC921AF1CF20097A075 /* DefinitionsTests.swift */ = {isa = PBXFileReference; lastKnownFileType = sourcecode.swift; path = DefinitionsTests.swift; sourceTree = "<group>"; };
		EDFE8FCB21AF1CF20097A075 /* Info.plist */ = {isa = PBXFileReference; lastKnownFileType = text.plist.xml; path = Info.plist; sourceTree = "<group>"; };
		EDFE8FD221AF1D340097A075 /* AccountTests.swift */ = {isa = PBXFileReference; lastKnownFileType = sourcecode.swift; path = AccountTests.swift; sourceTree = "<group>"; };
		EDFE8FD621AF4C220097A075 /* Position.swift */ = {isa = PBXFileReference; lastKnownFileType = sourcecode.swift; path = Position.swift; sourceTree = "<group>"; };
/* End PBXFileReference section */

/* Begin PBXFrameworksBuildPhase section */
		EDFE8F4021AE134B0097A075 /* Frameworks */ = {
			isa = PBXFrameworksBuildPhase;
			buildActionMask = 2147483647;
			files = (
				EDFE8FA821AE29090097A075 /* OandaAPI.framework in Frameworks */,
			);
			runOnlyForDeploymentPostprocessing = 0;
		};
		EDFE8F8C21AE27D00097A075 /* Frameworks */ = {
			isa = PBXFrameworksBuildPhase;
			buildActionMask = 2147483647;
			files = (
				EDE0D59E21F6916000B9170B /* Foundation.framework in Frameworks */,
			);
			runOnlyForDeploymentPostprocessing = 0;
		};
		EDFE8FC421AF1CF20097A075 /* Frameworks */ = {
			isa = PBXFrameworksBuildPhase;
			buildActionMask = 2147483647;
			files = (
				EDFE8FCC21AF1CF20097A075 /* OandaAPI.framework in Frameworks */,
			);
			runOnlyForDeploymentPostprocessing = 0;
		};
/* End PBXFrameworksBuildPhase section */

/* Begin PBXGroup section */
		ED3EB26F21F0CC82002B9F4D /* Logging */ = {
			isa = PBXGroup;
			children = (
				ED3EB27021F0CCA8002B9F4D /* Default.swift */,
			);
			path = Logging;
			sourceTree = "<group>";
		};
		ED7B747C21C3377A00127E3E /* Stream */ = {
			isa = PBXGroup;
			children = (
				ED7B747D21C337AB00127E3E /* MarketPriceStream.swift */,
			);
			path = Stream;
			sourceTree = "<group>";
		};
		EDFE8F3021AE134B0097A075 = {
			isa = PBXGroup;
			children = (
				ED94F8DF21B3CB5C0011F912 /* README.md */,
				ED94F8E221B3CC8E0011F912 /* CODE_OF_CONDUCT.md */,
				EDFE8F3C21AE134B0097A075 /* OandaAPI */,
				EDFE8F4721AE134B0097A075 /* OandaAPITests */,
				EDFE8FC821AF1CF20097A075 /* DefinitionsTests */,
				EDFE8F3B21AE134B0097A075 /* Products */,
				EDFE8F6621AE17600097A075 /* Frameworks */,
			);
			sourceTree = "<group>";
		};
		EDFE8F3B21AE134B0097A075 /* Products */ = {
			isa = PBXGroup;
			children = (
				EDFE8F4321AE134B0097A075 /* OandaAPITests.xctest */,
				EDFE8F8F21AE27D00097A075 /* OandaAPI.framework */,
				EDFE8FC721AF1CF20097A075 /* DefinitionsTests.xctest */,
			);
			name = Products;
			sourceTree = "<group>";
		};
		EDFE8F3C21AE134B0097A075 /* OandaAPI */ = {
			isa = PBXGroup;
			children = (
				EDFE8F7421AE1EDE0097A075 /* OandaAPI.h */,
				EDFE8F3E21AE134B0097A075 /* Info.plist */,
				EDFE8F5621AE13790097A075 /* BrokerController.swift */,
				EDFE8F5421AE13790097A075 /* OandaAPI.swift */,
				ED3EB26F21F0CC82002B9F4D /* Logging */,
				ED7B747C21C3377A00127E3E /* Stream */,
				EDFE8FB421AE2D340097A075 /* Definitions */,
			);
			path = OandaAPI;
			sourceTree = "<group>";
		};
		EDFE8F4721AE134B0097A075 /* OandaAPITests */ = {
			isa = PBXGroup;
			children = (
				EDFE8F4821AE134B0097A075 /* OandaAPITests.swift */,
				EDFE8F4A21AE134B0097A075 /* Info.plist */,
			);
			path = OandaAPITests;
			sourceTree = "<group>";
		};
		EDFE8F6621AE17600097A075 /* Frameworks */ = {
			isa = PBXGroup;
			children = (
				EDDBDFDE21B9E1060066E185 /* Foundation.framework */,
				EDFE8FA121AE28590097A075 /* Foundation.framework */,
				EDFE8F6721AE17600097A075 /* Foundation.framework */,
			);
			name = Frameworks;
			sourceTree = "<group>";
		};
		EDFE8FB421AE2D340097A075 /* Definitions */ = {
			isa = PBXGroup;
			children = (
				EDFE8F5521AE13790097A075 /* Account.swift */,
				EDFE8FB121AE2D2A0097A075 /* Instrument.swift */,
				EDFE8FC021AF0FD30097A075 /* Order.swift */,
				EDFE8F5721AE13790097A075 /* Trade.swift */,
				EDFE8FD621AF4C220097A075 /* Position.swift */,
				EDFE8FBD21AF06FF0097A075 /* Transaction.swift */,
				EDFE8FB521AE2DF10097A075 /* Pricing.swift */,
				EDFE8FB821AE30630097A075 /* Primitives.swift */,
			);
			path = Definitions;
			sourceTree = "<group>";
		};
		EDFE8FC821AF1CF20097A075 /* DefinitionsTests */ = {
			isa = PBXGroup;
			children = (
				EDFE8FD221AF1D340097A075 /* AccountTests.swift */,
				EDFE8FC921AF1CF20097A075 /* DefinitionsTests.swift */,
				EDFE8FCB21AF1CF20097A075 /* Info.plist */,
			);
			path = DefinitionsTests;
			sourceTree = "<group>";
		};
/* End PBXGroup section */

/* Begin PBXHeadersBuildPhase section */
		EDFE8F8A21AE27D00097A075 /* Headers */ = {
			isa = PBXHeadersBuildPhase;
			buildActionMask = 2147483647;
			files = (
				EDFE8F9721AE281F0097A075 /* OandaAPI.h in Headers */,
			);
			runOnlyForDeploymentPostprocessing = 0;
		};
/* End PBXHeadersBuildPhase section */

/* Begin PBXNativeTarget section */
		EDFE8F4221AE134B0097A075 /* OandaAPITests */ = {
			isa = PBXNativeTarget;
			buildConfigurationList = EDFE8F5121AE134B0097A075 /* Build configuration list for PBXNativeTarget "OandaAPITests" */;
			buildPhases = (
				EDFE8F3F21AE134B0097A075 /* Sources */,
				EDFE8F4021AE134B0097A075 /* Frameworks */,
				EDFE8F4121AE134B0097A075 /* Resources */,
			);
			buildRules = (
			);
			dependencies = (
				EDFE8FA621AE28FA0097A075 /* PBXTargetDependency */,
			);
			name = OandaAPITests;
			productName = OandaAPITests;
			productReference = EDFE8F4321AE134B0097A075 /* OandaAPITests.xctest */;
			productType = "com.apple.product-type.bundle.unit-test";
		};
		EDFE8F8E21AE27D00097A075 /* OandaAPI */ = {
			isa = PBXNativeTarget;
			buildConfigurationList = EDFE8F9421AE27D00097A075 /* Build configuration list for PBXNativeTarget "OandaAPI" */;
			buildPhases = (
				EDFE8F8A21AE27D00097A075 /* Headers */,
				EDFE8F8B21AE27D00097A075 /* Sources */,
				EDFE8F8C21AE27D00097A075 /* Frameworks */,
				EDFE8F8D21AE27D00097A075 /* Resources */,
			);
			buildRules = (
			);
			dependencies = (
			);
			name = OandaAPI;
			productName = OandaAPI_macOS;
			productReference = EDFE8F8F21AE27D00097A075 /* OandaAPI.framework */;
			productType = "com.apple.product-type.framework";
		};
		EDFE8FC621AF1CF20097A075 /* DefinitionsTests */ = {
			isa = PBXNativeTarget;
			buildConfigurationList = EDFE8FCF21AF1CF20097A075 /* Build configuration list for PBXNativeTarget "DefinitionsTests" */;
			buildPhases = (
				EDFE8FC321AF1CF20097A075 /* Sources */,
				EDFE8FC421AF1CF20097A075 /* Frameworks */,
				EDFE8FC521AF1CF20097A075 /* Resources */,
			);
			buildRules = (
			);
			dependencies = (
				EDFE8FCE21AF1CF20097A075 /* PBXTargetDependency */,
			);
			name = DefinitionsTests;
			productName = DefinitionsTests;
			productReference = EDFE8FC721AF1CF20097A075 /* DefinitionsTests.xctest */;
			productType = "com.apple.product-type.bundle.unit-test";
		};
/* End PBXNativeTarget section */

/* Begin PBXProject section */
		EDFE8F3121AE134B0097A075 /* Project object */ = {
			isa = PBXProject;
			attributes = {
				LastSwiftUpdateCheck = 1010;
				LastUpgradeCheck = 1010;
				ORGANIZATIONNAME = "Marcus Florentin";
				TargetAttributes = {
					EDFE8F4221AE134B0097A075 = {
						CreatedOnToolsVersion = 10.1;
						LastSwiftMigration = 1020;
					};
					EDFE8F8E21AE27D00097A075 = {
						CreatedOnToolsVersion = 10.1;
						LastSwiftMigration = 1020;
					};
					EDFE8FC621AF1CF20097A075 = {
						CreatedOnToolsVersion = 10.1;
						LastSwiftMigration = 1020;
					};
				};
			};
			buildConfigurationList = EDFE8F3421AE134B0097A075 /* Build configuration list for PBXProject "OandaAPI" */;
			compatibilityVersion = "Xcode 9.3";
			developmentRegion = en;
			hasScannedForEncodings = 0;
			knownRegions = (
				en,
				Base,
			);
			mainGroup = EDFE8F3021AE134B0097A075;
			productRefGroup = EDFE8F3B21AE134B0097A075 /* Products */;
			projectDirPath = "";
			projectRoot = "";
			targets = (
				EDFE8F8E21AE27D00097A075 /* OandaAPI */,
				EDFE8F4221AE134B0097A075 /* OandaAPITests */,
				EDFE8FC621AF1CF20097A075 /* DefinitionsTests */,
			);
		};
/* End PBXProject section */

/* Begin PBXResourcesBuildPhase section */
		EDFE8F4121AE134B0097A075 /* Resources */ = {
			isa = PBXResourcesBuildPhase;
			buildActionMask = 2147483647;
			files = (
			);
			runOnlyForDeploymentPostprocessing = 0;
		};
		EDFE8F8D21AE27D00097A075 /* Resources */ = {
			isa = PBXResourcesBuildPhase;
			buildActionMask = 2147483647;
			files = (
				ED94F8E021B3CB700011F912 /* README.md in Resources */,
			);
			runOnlyForDeploymentPostprocessing = 0;
		};
		EDFE8FC521AF1CF20097A075 /* Resources */ = {
			isa = PBXResourcesBuildPhase;
			buildActionMask = 2147483647;
			files = (
			);
			runOnlyForDeploymentPostprocessing = 0;
		};
/* End PBXResourcesBuildPhase section */

/* Begin PBXSourcesBuildPhase section */
		EDFE8F3F21AE134B0097A075 /* Sources */ = {
			isa = PBXSourcesBuildPhase;
			buildActionMask = 2147483647;
			files = (
				EDFE8F4921AE134B0097A075 /* OandaAPITests.swift in Sources */,
			);
			runOnlyForDeploymentPostprocessing = 0;
		};
		EDFE8F8B21AE27D00097A075 /* Sources */ = {
			isa = PBXSourcesBuildPhase;
			buildActionMask = 2147483647;
			files = (
				EDFE8FB621AE2DF10097A075 /* Pricing.swift in Sources */,
				ED3EB27121F0CCA8002B9F4D /* Default.swift in Sources */,
				EDFE8FB221AE2D2A0097A075 /* Instrument.swift in Sources */,
				EDFE8FBE21AF06FF0097A075 /* Transaction.swift in Sources */,
				EDFE8FC121AF0FD30097A075 /* Order.swift in Sources */,
				EDFE8F9D21AE283E0097A075 /* OandaAPI.swift in Sources */,
				ED7B747E21C337AB00127E3E /* MarketPriceStream.swift in Sources */,
				EDFE8F9E21AE283E0097A075 /* Trade.swift in Sources */,
				EDFE8F9C21AE283E0097A075 /* Account.swift in Sources */,
				EDFE8F9F21AE283E0097A075 /* BrokerController.swift in Sources */,
				EDFE8FD721AF4C220097A075 /* Position.swift in Sources */,
				EDFE8FB921AE30630097A075 /* Primitives.swift in Sources */,
			);
			runOnlyForDeploymentPostprocessing = 0;
		};
		EDFE8FC321AF1CF20097A075 /* Sources */ = {
			isa = PBXSourcesBuildPhase;
			buildActionMask = 2147483647;
			files = (
				EDFE8FCA21AF1CF20097A075 /* DefinitionsTests.swift in Sources */,
				EDFE8FD321AF1D340097A075 /* AccountTests.swift in Sources */,
			);
			runOnlyForDeploymentPostprocessing = 0;
		};
/* End PBXSourcesBuildPhase section */

/* Begin PBXTargetDependency section */
		EDFE8FA621AE28FA0097A075 /* PBXTargetDependency */ = {
			isa = PBXTargetDependency;
			target = EDFE8F8E21AE27D00097A075 /* OandaAPI */;
			targetProxy = EDFE8FA521AE28FA0097A075 /* PBXContainerItemProxy */;
		};
		EDFE8FCE21AF1CF20097A075 /* PBXTargetDependency */ = {
			isa = PBXTargetDependency;
			target = EDFE8F8E21AE27D00097A075 /* OandaAPI */;
			targetProxy = EDFE8FCD21AF1CF20097A075 /* PBXContainerItemProxy */;
		};
/* End PBXTargetDependency section */

/* Begin XCBuildConfiguration section */
		EDFE8F4C21AE134B0097A075 /* Debug */ = {
			isa = XCBuildConfiguration;
			buildSettings = {
				ALWAYS_EMBED_SWIFT_STANDARD_LIBRARIES = YES;
				ALWAYS_SEARCH_USER_PATHS = NO;
				CLANG_ANALYZER_NONNULL = YES;
				CLANG_ANALYZER_NUMBER_OBJECT_CONVERSION = YES_AGGRESSIVE;
				CLANG_CXX_LANGUAGE_STANDARD = "gnu++14";
				CLANG_CXX_LIBRARY = "libc++";
				CLANG_ENABLE_MODULES = YES;
				CLANG_ENABLE_OBJC_ARC = YES;
				CLANG_ENABLE_OBJC_WEAK = YES;
				CLANG_WARN_BLOCK_CAPTURE_AUTORELEASING = YES;
				CLANG_WARN_BOOL_CONVERSION = YES;
				CLANG_WARN_COMMA = YES;
				CLANG_WARN_CONSTANT_CONVERSION = YES;
				CLANG_WARN_DEPRECATED_OBJC_IMPLEMENTATIONS = YES;
				CLANG_WARN_DIRECT_OBJC_ISA_USAGE = YES_ERROR;
				CLANG_WARN_DOCUMENTATION_COMMENTS = YES;
				CLANG_WARN_EMPTY_BODY = YES;
				CLANG_WARN_ENUM_CONVERSION = YES;
				CLANG_WARN_INFINITE_RECURSION = YES;
				CLANG_WARN_INT_CONVERSION = YES;
				CLANG_WARN_NON_LITERAL_NULL_CONVERSION = YES;
				CLANG_WARN_OBJC_IMPLICIT_RETAIN_SELF = YES;
				CLANG_WARN_OBJC_LITERAL_CONVERSION = YES;
				CLANG_WARN_OBJC_ROOT_CLASS = YES_ERROR;
				CLANG_WARN_RANGE_LOOP_ANALYSIS = YES;
				CLANG_WARN_STRICT_PROTOTYPES = YES;
				CLANG_WARN_SUSPICIOUS_MOVE = YES;
				CLANG_WARN_UNGUARDED_AVAILABILITY = YES_AGGRESSIVE;
				CLANG_WARN_UNREACHABLE_CODE = YES;
				CLANG_WARN__DUPLICATE_METHOD_MATCH = YES;
				CODE_SIGN_IDENTITY = "Mac Developer";
				COPY_PHASE_STRIP = NO;
				CURRENT_PROJECT_VERSION = 1;
				DEBUG_INFORMATION_FORMAT = dwarf;
				ENABLE_STRICT_OBJC_MSGSEND = YES;
				ENABLE_TESTABILITY = YES;
				GCC_C_LANGUAGE_STANDARD = gnu11;
				GCC_DYNAMIC_NO_PIC = NO;
				GCC_NO_COMMON_BLOCKS = YES;
				GCC_OPTIMIZATION_LEVEL = 0;
				GCC_PREPROCESSOR_DEFINITIONS = (
					"DEBUG=1",
					"$(inherited)",
				);
				GCC_WARN_64_TO_32_BIT_CONVERSION = YES;
				GCC_WARN_ABOUT_RETURN_TYPE = YES_ERROR;
				GCC_WARN_UNDECLARED_SELECTOR = YES;
				GCC_WARN_UNINITIALIZED_AUTOS = YES_AGGRESSIVE;
				GCC_WARN_UNUSED_FUNCTION = YES;
				GCC_WARN_UNUSED_VARIABLE = YES;
				MACOSX_DEPLOYMENT_TARGET = 10.14;
				MTL_ENABLE_DEBUG_INFO = INCLUDE_SOURCE;
				MTL_FAST_MATH = YES;
				ONLY_ACTIVE_ARCH = YES;
				SDKROOT = iphoneos;
				SUPPORTED_PLATFORMS = "macosx watchos iphoneos iphonesimulator";
				SWIFT_ACTIVE_COMPILATION_CONDITIONS = DEBUG;
				SWIFT_OPTIMIZATION_LEVEL = "-Onone";
				VALID_ARCHS = "i386 x86_64 arm64 arm64e armv7 armv7s";
				VERSIONING_SYSTEM = "apple-generic";
				VERSION_INFO_PREFIX = "";
			};
			name = Debug;
		};
		EDFE8F4D21AE134B0097A075 /* Release */ = {
			isa = XCBuildConfiguration;
			buildSettings = {
				ALWAYS_EMBED_SWIFT_STANDARD_LIBRARIES = YES;
				ALWAYS_SEARCH_USER_PATHS = NO;
				CLANG_ANALYZER_NONNULL = YES;
				CLANG_ANALYZER_NUMBER_OBJECT_CONVERSION = YES_AGGRESSIVE;
				CLANG_CXX_LANGUAGE_STANDARD = "gnu++14";
				CLANG_CXX_LIBRARY = "libc++";
				CLANG_ENABLE_MODULES = YES;
				CLANG_ENABLE_OBJC_ARC = YES;
				CLANG_ENABLE_OBJC_WEAK = YES;
				CLANG_WARN_BLOCK_CAPTURE_AUTORELEASING = YES;
				CLANG_WARN_BOOL_CONVERSION = YES;
				CLANG_WARN_COMMA = YES;
				CLANG_WARN_CONSTANT_CONVERSION = YES;
				CLANG_WARN_DEPRECATED_OBJC_IMPLEMENTATIONS = YES;
				CLANG_WARN_DIRECT_OBJC_ISA_USAGE = YES_ERROR;
				CLANG_WARN_DOCUMENTATION_COMMENTS = YES;
				CLANG_WARN_EMPTY_BODY = YES;
				CLANG_WARN_ENUM_CONVERSION = YES;
				CLANG_WARN_INFINITE_RECURSION = YES;
				CLANG_WARN_INT_CONVERSION = YES;
				CLANG_WARN_NON_LITERAL_NULL_CONVERSION = YES;
				CLANG_WARN_OBJC_IMPLICIT_RETAIN_SELF = YES;
				CLANG_WARN_OBJC_LITERAL_CONVERSION = YES;
				CLANG_WARN_OBJC_ROOT_CLASS = YES_ERROR;
				CLANG_WARN_RANGE_LOOP_ANALYSIS = YES;
				CLANG_WARN_STRICT_PROTOTYPES = YES;
				CLANG_WARN_SUSPICIOUS_MOVE = YES;
				CLANG_WARN_UNGUARDED_AVAILABILITY = YES_AGGRESSIVE;
				CLANG_WARN_UNREACHABLE_CODE = YES;
				CLANG_WARN__DUPLICATE_METHOD_MATCH = YES;
				CODE_SIGN_IDENTITY = "Mac Developer";
				COPY_PHASE_STRIP = NO;
				CURRENT_PROJECT_VERSION = 1;
				DEBUG_INFORMATION_FORMAT = "dwarf-with-dsym";
				ENABLE_NS_ASSERTIONS = NO;
				ENABLE_STRICT_OBJC_MSGSEND = YES;
				GCC_C_LANGUAGE_STANDARD = gnu11;
				GCC_NO_COMMON_BLOCKS = YES;
				GCC_WARN_64_TO_32_BIT_CONVERSION = YES;
				GCC_WARN_ABOUT_RETURN_TYPE = YES_ERROR;
				GCC_WARN_UNDECLARED_SELECTOR = YES;
				GCC_WARN_UNINITIALIZED_AUTOS = YES_AGGRESSIVE;
				GCC_WARN_UNUSED_FUNCTION = YES;
				GCC_WARN_UNUSED_VARIABLE = YES;
				MACOSX_DEPLOYMENT_TARGET = 10.14;
				MTL_ENABLE_DEBUG_INFO = NO;
				MTL_FAST_MATH = YES;
				SDKROOT = iphoneos;
				SUPPORTED_PLATFORMS = "macosx watchos iphoneos iphonesimulator";
				SWIFT_COMPILATION_MODE = wholemodule;
				SWIFT_OPTIMIZATION_LEVEL = "-O";
				VALID_ARCHS = "i386 x86_64 arm64 arm64e armv7 armv7s";
				VERSIONING_SYSTEM = "apple-generic";
				VERSION_INFO_PREFIX = "";
			};
			name = Release;
		};
		EDFE8F5221AE134B0097A075 /* Debug */ = {
			isa = XCBuildConfiguration;
			buildSettings = {
				ALWAYS_EMBED_SWIFT_STANDARD_LIBRARIES = YES;
				CODE_SIGN_STYLE = Automatic;
				COMBINE_HIDPI_IMAGES = YES;
				DEVELOPMENT_TEAM = Z8Q82L44LS;
				INFOPLIST_FILE = OandaAPITests/Info.plist;
				LD_RUNPATH_SEARCH_PATHS = (
					"$(inherited)",
					"@executable_path/../Frameworks",
					"@loader_path/../Frameworks",
				);
				PRODUCT_BUNDLE_IDENTIFIER = "black.sombre-osmoze.OandaAPITests";
				PRODUCT_NAME = "$(TARGET_NAME)";
				SWIFT_VERSION = 5.0;
			};
			name = Debug;
		};
		EDFE8F5321AE134B0097A075 /* Release */ = {
			isa = XCBuildConfiguration;
			buildSettings = {
				ALWAYS_EMBED_SWIFT_STANDARD_LIBRARIES = YES;
				CODE_SIGN_STYLE = Automatic;
				COMBINE_HIDPI_IMAGES = YES;
				DEVELOPMENT_TEAM = Z8Q82L44LS;
				INFOPLIST_FILE = OandaAPITests/Info.plist;
				LD_RUNPATH_SEARCH_PATHS = (
					"$(inherited)",
					"@executable_path/../Frameworks",
					"@loader_path/../Frameworks",
				);
				PRODUCT_BUNDLE_IDENTIFIER = "black.sombre-osmoze.OandaAPITests";
				PRODUCT_NAME = "$(TARGET_NAME)";
				SWIFT_VERSION = 5.0;
			};
			name = Release;
		};
		EDFE8F9521AE27D00097A075 /* Debug */ = {
			isa = XCBuildConfiguration;
			buildSettings = {
				ALWAYS_EMBED_SWIFT_STANDARD_LIBRARIES = YES;
				CODE_SIGN_IDENTITY = "";
				CODE_SIGN_STYLE = Automatic;
				COMBINE_HIDPI_IMAGES = YES;
				DEFINES_MODULE = YES;
				DEVELOPMENT_TEAM = Z8Q82L44LS;
				DYLIB_COMPATIBILITY_VERSION = 1;
				DYLIB_CURRENT_VERSION = 1;
				DYLIB_INSTALL_NAME_BASE = "@rpath";
				FRAMEWORK_VERSION = A;
				INFOPLIST_FILE = "$(SRCROOT)/OandaAPI/Info.plist";
				INSTALL_PATH = "$(LOCAL_LIBRARY_DIR)/Frameworks";
				IPHONEOS_DEPLOYMENT_TARGET = 12.0;
				LD_RUNPATH_SEARCH_PATHS = (
					"$(inherited)",
					"@executable_path/../Frameworks",
					"@loader_path/Frameworks",
				);
				PRODUCT_BUNDLE_IDENTIFIER = "black.sombre-osmoze.OandaAPI-macOS";
				PRODUCT_NAME = "$(TARGET_NAME:c99extidentifier)";
				SKIP_INSTALL = YES;
				SWIFT_VERSION = 5.0;
				TARGETED_DEVICE_FAMILY = "1,2";
			};
			name = Debug;
		};
		EDFE8F9621AE27D00097A075 /* Release */ = {
			isa = XCBuildConfiguration;
			buildSettings = {
				ALWAYS_EMBED_SWIFT_STANDARD_LIBRARIES = YES;
				CODE_SIGN_IDENTITY = "";
				CODE_SIGN_STYLE = Automatic;
				COMBINE_HIDPI_IMAGES = YES;
				DEFINES_MODULE = YES;
				DEVELOPMENT_TEAM = Z8Q82L44LS;
				DYLIB_COMPATIBILITY_VERSION = 1;
				DYLIB_CURRENT_VERSION = 1;
				DYLIB_INSTALL_NAME_BASE = "@rpath";
				FRAMEWORK_VERSION = A;
				INFOPLIST_FILE = "$(SRCROOT)/OandaAPI/Info.plist";
				INSTALL_PATH = "$(LOCAL_LIBRARY_DIR)/Frameworks";
				IPHONEOS_DEPLOYMENT_TARGET = 12.0;
				LD_RUNPATH_SEARCH_PATHS = (
					"$(inherited)",
					"@executable_path/../Frameworks",
					"@loader_path/Frameworks",
				);
				PRODUCT_BUNDLE_IDENTIFIER = "black.sombre-osmoze.OandaAPI-macOS";
				PRODUCT_NAME = "$(TARGET_NAME:c99extidentifier)";
				SKIP_INSTALL = YES;
				SWIFT_VERSION = 5.0;
				TARGETED_DEVICE_FAMILY = "1,2";
			};
			name = Release;
		};
		EDFE8FD021AF1CF20097A075 /* Debug */ = {
			isa = XCBuildConfiguration;
			buildSettings = {
				CODE_SIGN_STYLE = Automatic;
				COMBINE_HIDPI_IMAGES = YES;
				DEVELOPMENT_TEAM = Z8Q82L44LS;
				INFOPLIST_FILE = DefinitionsTests/Info.plist;
				LD_RUNPATH_SEARCH_PATHS = (
					"$(inherited)",
					"@executable_path/../Frameworks",
					"@loader_path/../Frameworks",
				);
				PRODUCT_BUNDLE_IDENTIFIER = "black.sombre-osmoze.DefinitionsTests";
				PRODUCT_NAME = "$(TARGET_NAME)";
				SWIFT_VERSION = 5.0;
			};
			name = Debug;
		};
		EDFE8FD121AF1CF20097A075 /* Release */ = {
			isa = XCBuildConfiguration;
			buildSettings = {
				CODE_SIGN_STYLE = Automatic;
				COMBINE_HIDPI_IMAGES = YES;
				DEVELOPMENT_TEAM = Z8Q82L44LS;
				INFOPLIST_FILE = DefinitionsTests/Info.plist;
				LD_RUNPATH_SEARCH_PATHS = (
					"$(inherited)",
					"@executable_path/../Frameworks",
					"@loader_path/../Frameworks",
				);
				PRODUCT_BUNDLE_IDENTIFIER = "black.sombre-osmoze.DefinitionsTests";
				PRODUCT_NAME = "$(TARGET_NAME)";
				SWIFT_VERSION = 5.0;
			};
			name = Release;
		};
/* End XCBuildConfiguration section */

/* Begin XCConfigurationList section */
		EDFE8F3421AE134B0097A075 /* Build configuration list for PBXProject "OandaAPI" */ = {
			isa = XCConfigurationList;
			buildConfigurations = (
				EDFE8F4C21AE134B0097A075 /* Debug */,
				EDFE8F4D21AE134B0097A075 /* Release */,
			);
			defaultConfigurationIsVisible = 0;
			defaultConfigurationName = Release;
		};
		EDFE8F5121AE134B0097A075 /* Build configuration list for PBXNativeTarget "OandaAPITests" */ = {
			isa = XCConfigurationList;
			buildConfigurations = (
				EDFE8F5221AE134B0097A075 /* Debug */,
				EDFE8F5321AE134B0097A075 /* Release */,
			);
			defaultConfigurationIsVisible = 0;
			defaultConfigurationName = Release;
		};
		EDFE8F9421AE27D00097A075 /* Build configuration list for PBXNativeTarget "OandaAPI" */ = {
			isa = XCConfigurationList;
			buildConfigurations = (
				EDFE8F9521AE27D00097A075 /* Debug */,
				EDFE8F9621AE27D00097A075 /* Release */,
			);
			defaultConfigurationIsVisible = 0;
			defaultConfigurationName = Release;
		};
		EDFE8FCF21AF1CF20097A075 /* Build configuration list for PBXNativeTarget "DefinitionsTests" */ = {
			isa = XCConfigurationList;
			buildConfigurations = (
				EDFE8FD021AF1CF20097A075 /* Debug */,
				EDFE8FD121AF1CF20097A075 /* Release */,
			);
			defaultConfigurationIsVisible = 0;
			defaultConfigurationName = Release;
		};
/* End XCConfigurationList section */
	};
	rootObject = EDFE8F3121AE134B0097A075 /* Project object */;
}
